
Microsoft Visual Studio Solution File, Format Version 12.00
# Visual Studio Version 16
VisualStudioVersion = 16.0.30503.244
MinimumVisualStudioVersion = 10.0.40219.1
Project("{FAE04EC0-301F-11D3-BF4B-00C04F79EFBC}") = "AplWinFormsEstoque", "AplWinFormsEstoque\AplWinFormsEstoque.csproj", "{F3AB82C3-CB54-4CD7-9367-7B3D63EFFC12}"
EndProject
Global
	GlobalSection(SolutionConfigurationPlatforms) = preSolution
		Debug|Any CPU = Debug|Any CPU
		Release|Any CPU = Release|Any CPU
	EndGlobalSection
	GlobalSection(ProjectConfigurationPlatforms) = postSolution
		{F3AB82C3-CB54-4CD7-9367-7B3D63EFFC12}.Debug|Any CPU.ActiveCfg = Debug|Any CPU
		{F3AB82C3-CB54-4CD7-9367-7B3D63EFFC12}.Debug|Any CPU.Build.0 = Debug|Any CPU
		{F3AB82C3-CB54-4CD7-9367-7B3D63EFFC12}.Release|Any CPU.ActiveCfg = Release|Any CPU
		{F3AB82C3-CB54-4CD7-9367-7B3D63EFFC12}.Release|Any CPU.Build.0 = Release|Any CPU
	EndGlobalSection
	GlobalSection(SolutionProperties) = preSolution
		HideSolutionNode = FALSE
	EndGlobalSection
	GlobalSection(ExtensibilityGlobals) = postSolution
		SolutionGuid = {5FFD3C7D-17D1-48FF-8109-D0FC60F2D9C8}
	EndGlobalSection
EndGlobal
